PODS:
  - UPCarouselFlowLayout (1.1.1)

DEPENDENCIES:
  - UPCarouselFlowLayout

SPEC REPOS:
  https://github.com/cocoapods/specs.git:
    - UPCarouselFlowLayout

SPEC CHECKSUMS:
  UPCarouselFlowLayout: 02045c1505d63057fba3d9975be880a8d16bf17d

PODFILE CHECKSUM: f3e576aff3d572aeaac2d00ed88f024b1623d71c

COCOAPODS: 1.5.2
