// !$*UTF8*$!
{
	archiveVersion = 1;
	classes = {
	};
	objectVersion = 46;
	objects = {

/* Begin PBXBuildFile section */
		12C39EC21317E48C5DC974D2 /* Pods_Music_Player.framework in Frameworks */ = {isa = PBXBuildFile; fileRef = 639AE2A1BD3BDBA6A72629C6 /* Pods_Music_Player.framework */; };
		832540A62145BB1300727316 /* TodaySongCell.swift in Sources */ = {isa = PBXBuildFile; fileRef = 832540A42145BB1300727316 /* TodaySongCell.swift */; };
		832540A72145BB1300727316 /* TodaySongCell.xib in Resources */ = {isa = PBXBuildFile; fileRef = 832540A52145BB1300727316 /* TodaySongCell.xib */; };
		83843A782145881800C8A0BE /* UpperCell.swift in Sources */ = {isa = PBXBuildFile; fileRef = 83843A762145881800C8A0BE /* UpperCell.swift */; };
		83843A792145881800C8A0BE /* UpperCell.xib in Resources */ = {isa = PBXBuildFile; fileRef = 83843A772145881800C8A0BE /* UpperCell.xib */; };
		83843A7C21458AA700C8A0BE /* PreferencesCell.swift in Sources */ = {isa = PBXBuildFile; fileRef = 83843A7A21458AA700C8A0BE /* PreferencesCell.swift */; };
		83843A7D21458AA700C8A0BE /* PreferencesCell.xib in Resources */ = {isa = PBXBuildFile; fileRef = 83843A7B21458AA700C8A0BE /* PreferencesCell.xib */; };
		83843A8121458B4900C8A0BE /* TodaysPlaylistCell.swift in Sources */ = {isa = PBXBuildFile; fileRef = 83843A7F21458B4900C8A0BE /* TodaysPlaylistCell.swift */; };
		83843A8221458B4900C8A0BE /* TodaysPlaylistCell.xib in Resources */ = {isa = PBXBuildFile; fileRef = 83843A8021458B4900C8A0BE /* TodaysPlaylistCell.xib */; };
		83843A8521458B9700C8A0BE /* NewReleasesCell.swift in Sources */ = {isa = PBXBuildFile; fileRef = 83843A8321458B9700C8A0BE /* NewReleasesCell.swift */; };
		83843A8621458B9700C8A0BE /* NewReleasesCell.xib in Resources */ = {isa = PBXBuildFile; fileRef = 83843A8421458B9700C8A0BE /* NewReleasesCell.xib */; };
		83843A8921458BD000C8A0BE /* NewClipsCell.swift in Sources */ = {isa = PBXBuildFile; fileRef = 83843A8721458BD000C8A0BE /* NewClipsCell.swift */; };
		83843A8A21458BD000C8A0BE /* NewClipsCell.xib in Resources */ = {isa = PBXBuildFile; fileRef = 83843A8821458BD000C8A0BE /* NewClipsCell.xib */; };
		83843A8D21458C1500C8A0BE /* PopularSongsCell.swift in Sources */ = {isa = PBXBuildFile; fileRef = 83843A8B21458C1500C8A0BE /* PopularSongsCell.swift */; };
		83843A8E21458C1500C8A0BE /* PopularSongsCell.xib in Resources */ = {isa = PBXBuildFile; fileRef = 83843A8C21458C1500C8A0BE /* PopularSongsCell.xib */; };
		83843A9321459E3600C8A0BE /* PreferedGenreCell.swift in Sources */ = {isa = PBXBuildFile; fileRef = 83843A9121459E3600C8A0BE /* PreferedGenreCell.swift */; };
		83843A9421459E3600C8A0BE /* PreferedGenreCell.xib in Resources */ = {isa = PBXBuildFile; fileRef = 83843A9221459E3600C8A0BE /* PreferedGenreCell.xib */; };
		A50017B9214A861D00E30175 /* Subscription.swift in Sources */ = {isa = PBXBuildFile; fileRef = A50017B8214A861D00E30175 /* Subscription.swift */; };
		A50017BB214A976B00E30175 /* SubscriptionNetworkService.swift in Sources */ = {isa = PBXBuildFile; fileRef = A50017BA214A976B00E30175 /* SubscriptionNetworkService.swift */; };
		A50017BD214A98CE00E30175 /* Session.swift in Sources */ = {isa = PBXBuildFile; fileRef = A50017BC214A98CE00E30175 /* Session.swift */; };
		A50017BF214A9A4000E30175 /* PaidSubscription.swift in Sources */ = {isa = PBXBuildFile; fileRef = A50017BE214A9A4000E30175 /* PaidSubscription.swift */; };
		A51313FA219EE7B20068DB76 /* ThemePlaylistsViewController.swift in Sources */ = {isa = PBXBuildFile; fileRef = A51313F9219EE7B20068DB76 /* ThemePlaylistsViewController.swift */; };
		A51313FD219EE9800068DB76 /* ThemePlaylistsDataSource.swift in Sources */ = {isa = PBXBuildFile; fileRef = A51313FC219EE9800068DB76 /* ThemePlaylistsDataSource.swift */; };
		A5131403219EF0040068DB76 /* ThemePlaylistCell.swift in Sources */ = {isa = PBXBuildFile; fileRef = A5131401219EF0040068DB76 /* ThemePlaylistCell.swift */; };
		A5131404219EF0040068DB76 /* ThemePlaylistCell.xib in Resources */ = {isa = PBXBuildFile; fileRef = A5131402219EF0040068DB76 /* ThemePlaylistCell.xib */; };
		A528663021A80D3D00000FB5 /* DeepLinkParser.swift in Sources */ = {isa = PBXBuildFile; fileRef = A528662F21A80D3D00000FB5 /* DeepLinkParser.swift */; };
		A52FD81B2146A439006C7EA0 /* ClipCell.swift in Sources */ = {isa = PBXBuildFile; fileRef = A52FD8192146A439006C7EA0 /* ClipCell.swift */; };
		A52FD81C2146A439006C7EA0 /* ClipCell.xib in Resources */ = {isa = PBXBuildFile; fileRef = A52FD81A2146A439006C7EA0 /* ClipCell.xib */; };
		A52FD81F2146CDCA006C7EA0 /* SongCell.swift in Sources */ = {isa = PBXBuildFile; fileRef = A52FD81D2146CDCA006C7EA0 /* SongCell.swift */; };
		A52FD8202146CDCA006C7EA0 /* SongCell.xib in Resources */ = {isa = PBXBuildFile; fileRef = A52FD81E2146CDCA006C7EA0 /* SongCell.xib */; };
		A5355FD321590CA0005D4101 /* MusicList.storyboard in Resources */ = {isa = PBXBuildFile; fileRef = A5355FD221590CA0005D4101 /* MusicList.storyboard */; };
		A5355FDD21591384005D4101 /* PopupViewController.swift in Sources */ = {isa = PBXBuildFile; fileRef = A5355FDC21591384005D4101 /* PopupViewController.swift */; };
		A5355FE021591909005D4101 /* PlayerView.storyboard in Resources */ = {isa = PBXBuildFile; fileRef = A5355FDF21591909005D4101 /* PlayerView.storyboard */; };
		A547DBD6219C747D0071F95B /* SongEndPoint.swift in Sources */ = {isa = PBXBuildFile; fileRef = A547DBD5219C747D0071F95B /* SongEndPoint.swift */; };
		A5630F51214A837C0051759A /* SubscriptionService.swift in Sources */ = {isa = PBXBuildFile; fileRef = A5630F50214A837C0051759A /* SubscriptionService.swift */; };
		A567491B21523E130017BB68 /* AlbumNetworkService.swift in Sources */ = {isa = PBXBuildFile; fileRef = A567491A21523E130017BB68 /* AlbumNetworkService.swift */; };
		A5696F222167A23000D5FD89 /* UIViewControllerExtension.swift in Sources */ = {isa = PBXBuildFile; fileRef = A5696F212167A23000D5FD89 /* UIViewControllerExtension.swift */; };
		A5696F242167A64100D5FD89 /* NSObjectExtension.swift in Sources */ = {isa = PBXBuildFile; fileRef = A5696F232167A64100D5FD89 /* NSObjectExtension.swift */; };
		A5696F262167A6ED00D5FD89 /* UiIViewExtension.swift in Sources */ = {isa = PBXBuildFile; fileRef = A5696F252167A6ED00D5FD89 /* UiIViewExtension.swift */; };
		A56BDED72150EBEA00D75F83 /* NetworkService.swift in Sources */ = {isa = PBXBuildFile; fileRef = A56BDED62150EBEA00D75F83 /* NetworkService.swift */; };
		A56BDEDB2150ECBD00D75F83 /* SongNetworkService.swift in Sources */ = {isa = PBXBuildFile; fileRef = A56BDEDA2150ECBD00D75F83 /* SongNetworkService.swift */; };
		A56BDEDD2150ED2800D75F83 /* FetchingErrorHandler.swift in Sources */ = {isa = PBXBuildFile; fileRef = A56BDEDC2150ED2800D75F83 /* FetchingErrorHandler.swift */; };
		A56BDEDF2150ED6400D75F83 /* Song.swift in Sources */ = {isa = PBXBuildFile; fileRef = A56BDEDE2150ED6400D75F83 /* Song.swift */; };
		A56BDEE52150FD6100D75F83 /* MusicPlayerLandingPageInteractor.swift in Sources */ = {isa = PBXBuildFile; fileRef = A56BDEE42150FD6100D75F83 /* MusicPlayerLandingPageInteractor.swift */; };
		A56BDEE72151012900D75F83 /* PopularSongsDataSource.swift in Sources */ = {isa = PBXBuildFile; fileRef = A56BDEE62151012900D75F83 /* PopularSongsDataSource.swift */; };
		A56BDEEA2151046E00D75F83 /* InteractorOutput.swift in Sources */ = {isa = PBXBuildFile; fileRef = A56BDEE92151046E00D75F83 /* InteractorOutput.swift */; };
		A56BDEED2151526800D75F83 /* NewReleasesDataSource.swift in Sources */ = {isa = PBXBuildFile; fileRef = A56BDEEC2151526800D75F83 /* NewReleasesDataSource.swift */; };
		A57C7AF521762AFC008DA476 /* Mediator.swift in Sources */ = {isa = PBXBuildFile; fileRef = A57C7AF421762AFC008DA476 /* Mediator.swift */; };
		A57C7AF821762B85008DA476 /* Sender.swift in Sources */ = {isa = PBXBuildFile; fileRef = A57C7AF721762B85008DA476 /* Sender.swift */; };
		A57C7AFA21762B94008DA476 /* Reciever.swift in Sources */ = {isa = PBXBuildFile; fileRef = A57C7AF921762B94008DA476 /* Reciever.swift */; };
		A57C7AFC21762C37008DA476 /* Model.swift in Sources */ = {isa = PBXBuildFile; fileRef = A57C7AFB21762C37008DA476 /* Model.swift */; };
		A58747E5217F3FAB00A7C2B2 /* SubscriptionInfoViewController.swift in Sources */ = {isa = PBXBuildFile; fileRef = A58747E4217F3FAB00A7C2B2 /* SubscriptionInfoViewController.swift */; };
		A58747F0217F776400A7C2B2 /* SubscriptionInfoViewController.storyboard in Resources */ = {isa = PBXBuildFile; fileRef = A58747F2217F776400A7C2B2 /* SubscriptionInfoViewController.storyboard */; };
		A59C361A21677A99009E14C5 /* DeeplinkManager.swift in Sources */ = {isa = PBXBuildFile; fileRef = A59C361921677A99009E14C5 /* DeeplinkManager.swift */; };
		A59EF47E2150043700BC6CEA /* Album.swift in Sources */ = {isa = PBXBuildFile; fileRef = A59EF47D2150043700BC6CEA /* Album.swift */; };
		A5B02C64217A195800A9E3A4 /* StoreKit.framework in Frameworks */ = {isa = PBXBuildFile; fileRef = A5B02C63217A195800A9E3A4 /* StoreKit.framework */; };
		A5B06A62215B8CED001C05EB /* TodaysPlaylistsNertworkService.swift in Sources */ = {isa = PBXBuildFile; fileRef = A5B06A61215B8CED001C05EB /* TodaysPlaylistsNertworkService.swift */; };
		A5B06A64215B8E88001C05EB /* TodayPlaylistEndPoint.swift in Sources */ = {isa = PBXBuildFile; fileRef = A5B06A63215B8E88001C05EB /* TodayPlaylistEndPoint.swift */; };
		A5B06A66215BD1A2001C05EB /* TodayPlaylistDataSource.swift in Sources */ = {isa = PBXBuildFile; fileRef = A5B06A65215BD1A2001C05EB /* TodayPlaylistDataSource.swift */; };
		A5B689DD21C3E9C9005E3493 /* WelcomePagesViewController.swift in Sources */ = {isa = PBXBuildFile; fileRef = A5B689DC21C3E9C9005E3493 /* WelcomePagesViewController.swift */; };
		A5BD8E1121467D1400F3F812 /* NewAlbumCell.swift in Sources */ = {isa = PBXBuildFile; fileRef = A5BD8E0F21467D1400F3F812 /* NewAlbumCell.swift */; };
		A5BD8E1221467D1400F3F812 /* NewAlbumCell.xib in Resources */ = {isa = PBXBuildFile; fileRef = A5BD8E1021467D1400F3F812 /* NewAlbumCell.xib */; };
		A5C7350B2147BF4000F58D1E /* UPCarouselFlowLayout.swift in Sources */ = {isa = PBXBuildFile; fileRef = A5C7350A2147BF4000F58D1E /* UPCarouselFlowLayout.swift */; };
		A5C7350D2147C57400F58D1E /* SectionHeaderView.swift in Sources */ = {isa = PBXBuildFile; fileRef = A5C7350C2147C57400F58D1E /* SectionHeaderView.swift */; };
		A5C7350F2147C58B00F58D1E /* SectionHeaderView.xib in Resources */ = {isa = PBXBuildFile; fileRef = A5C7350E2147C58B00F58D1E /* SectionHeaderView.xib */; };
		A5C98F4E217482E90091F5CE /* PlayerViewController.swift in Sources */ = {isa = PBXBuildFile; fileRef = A5C98F4D217482E90091F5CE /* PlayerViewController.swift */; };
		A5C98F50217482FE0091F5CE /* PlayerViewControllerDelegate.swift in Sources */ = {isa = PBXBuildFile; fileRef = A5C98F4F217482FE0091F5CE /* PlayerViewControllerDelegate.swift */; };
		A5C98F522174831B0091F5CE /* MusicPlayerLandingPage.swift in Sources */ = {isa = PBXBuildFile; fileRef = A5C98F512174831B0091F5CE /* MusicPlayerLandingPage.swift */; };
		A5C98F56217483EA0091F5CE /* MusicListViewController.swift in Sources */ = {isa = PBXBuildFile; fileRef = A5C98F55217483EA0091F5CE /* MusicListViewController.swift */; };
		A5CB1A7B2153ABBA0002D7CC /* EnpointType.swift in Sources */ = {isa = PBXBuildFile; fileRef = A5CB1A7A2153ABBA0002D7CC /* EnpointType.swift */; };
		A5CB1A7E2153AC540002D7CC /* AlbumEndPoint.swift in Sources */ = {isa = PBXBuildFile; fileRef = A5CB1A7D2153AC540002D7CC /* AlbumEndPoint.swift */; };
		A5CB1A832153CA330002D7CC /* SongsDataSource.swift in Sources */ = {isa = PBXBuildFile; fileRef = A5CB1A822153CA330002D7CC /* SongsDataSource.swift */; };
		A5CB1A872153CB530002D7CC /* TrackCell.swift in Sources */ = {isa = PBXBuildFile; fileRef = A5CB1A852153CB530002D7CC /* TrackCell.swift */; };
		A5CB1A882153CB530002D7CC /* TrackCell.xib in Resources */ = {isa = PBXBuildFile; fileRef = A5CB1A862153CB530002D7CC /* TrackCell.xib */; };
		A5E0C32E216F69E80045975E /* Knob.swift in Sources */ = {isa = PBXBuildFile; fileRef = A5E0C32D216F69E80045975E /* Knob.swift */; };
		A5E9635121552AB5006509C7 /* ImageFetchNetworkService.swift in Sources */ = {isa = PBXBuildFile; fileRef = A5E9635021552AB5006509C7 /* ImageFetchNetworkService.swift */; };
		A5E96353215542D6006509C7 /* ModelType.swift in Sources */ = {isa = PBXBuildFile; fileRef = A5E96352215542D6006509C7 /* ModelType.swift */; };
		A5EC62D721539A6700721542 /* HeaderData.swift in Sources */ = {isa = PBXBuildFile; fileRef = A5EC62D621539A6700721542 /* HeaderData.swift */; };
		A5EFB3F521B13719004EE546 /* FacebookEventsEnviroment.swift in Sources */ = {isa = PBXBuildFile; fileRef = A5EFB3F421B13719004EE546 /* FacebookEventsEnviroment.swift */; };
		A5F8259C216B50F1007C0CC7 /* DeepLinkNavigator.swift in Sources */ = {isa = PBXBuildFile; fileRef = A5F8259B216B50F1007C0CC7 /* DeepLinkNavigator.swift */; };
		A5F8259E216B59A9007C0CC7 /* deeplink.html in Resources */ = {isa = PBXBuildFile; fileRef = A5F8259D216B59A9007C0CC7 /* deeplink.html */; };
		A5F825A2216B6AA7007C0CC7 /* StringExtention.swift in Sources */ = {isa = PBXBuildFile; fileRef = A5F825A1216B6AA7007C0CC7 /* StringExtention.swift */; };
		A5F825B0216B7A9F007C0CC7 /* Localizable.strings in Resources */ = {isa = PBXBuildFile; fileRef = A5F825B2216B7A9F007C0CC7 /* Localizable.strings */; };
		D33843861C1F7A7300348BE9 /* Launch Screen.storyboard in Resources */ = {isa = PBXBuildFile; fileRef = D33843851C1F7A7300348BE9 /* Launch Screen.storyboard */; };
		D36191BE19E9647B00CC9026 /* Main.storyboard in Resources */ = {isa = PBXBuildFile; fileRef = D36191BB19E9647B00CC9026 /* Main.storyboard */; };
		D3D2E95319A36A0000DEF125 /* AppDelegate.swift in Sources */ = {isa = PBXBuildFile; fileRef = D3D2E95219A36A0000DEF125 /* AppDelegate.swift */; };
		D3D2E95A19A36A0000DEF125 /* Images.xcassets in Resources */ = {isa = PBXBuildFile; fileRef = D3D2E95919A36A0000DEF125 /* Images.xcassets */; };
/* End PBXBuildFile section */

/* Begin PBXFileReference section */
		1C77BA7F00F6CBD260E26B12 /* Pods-Music Player.release.xcconfig */ = {isa = PBXFileReference; includeInIndex = 1; lastKnownFileType = text.xcconfig; name = "Pods-Music Player.release.xcconfig"; path = "Pods/Target Support Files/Pods-Music Player/Pods-Music Player.release.xcconfig"; sourceTree = "<group>"; };
		639AE2A1BD3BDBA6A72629C6 /* Pods_Music_Player.framework */ = {isa = PBXFileReference; explicitFileType = wrapper.framework; includeInIndex = 0; path = Pods_Music_Player.framework; sourceTree = BUILT_PRODUCTS_DIR; };
		832540A42145BB1300727316 /* TodaySongCell.swift */ = {isa = PBXFileReference; lastKnownFileType = sourcecode.swift; path = TodaySongCell.swift; sourceTree = "<group>"; };
		832540A52145BB1300727316 /* TodaySongCell.xib */ = {isa = PBXFileReference; lastKnownFileType = file.xib; path = TodaySongCell.xib; sourceTree = "<group>"; };
		83843A762145881800C8A0BE /* UpperCell.swift */ = {isa = PBXFileReference; lastKnownFileType = sourcecode.swift; path = UpperCell.swift; sourceTree = "<group>"; };
		83843A772145881800C8A0BE /* UpperCell.xib */ = {isa = PBXFileReference; lastKnownFileType = file.xib; path = UpperCell.xib; sourceTree = "<group>"; };
		83843A7A21458AA700C8A0BE /* PreferencesCell.swift */ = {isa = PBXFileReference; lastKnownFileType = sourcecode.swift; path = PreferencesCell.swift; sourceTree = "<group>"; };
		83843A7B21458AA700C8A0BE /* PreferencesCell.xib */ = {isa = PBXFileReference; lastKnownFileType = file.xib; path = PreferencesCell.xib; sourceTree = "<group>"; };
		83843A7F21458B4900C8A0BE /* TodaysPlaylistCell.swift */ = {isa = PBXFileReference; lastKnownFileType = sourcecode.swift; path = TodaysPlaylistCell.swift; sourceTree = "<group>"; };
		83843A8021458B4900C8A0BE /* TodaysPlaylistCell.xib */ = {isa = PBXFileReference; lastKnownFileType = file.xib; path = TodaysPlaylistCell.xib; sourceTree = "<group>"; };
		83843A8321458B9700C8A0BE /* NewReleasesCell.swift */ = {isa = PBXFileReference; lastKnownFileType = sourcecode.swift; path = NewReleasesCell.swift; sourceTree = "<group>"; };
		83843A8421458B9700C8A0BE /* NewReleasesCell.xib */ = {isa = PBXFileReference; lastKnownFileType = file.xib; path = NewReleasesCell.xib; sourceTree = "<group>"; };
		83843A8721458BD000C8A0BE /* NewClipsCell.swift */ = {isa = PBXFileReference; lastKnownFileType = sourcecode.swift; path = NewClipsCell.swift; sourceTree = "<group>"; };
		83843A8821458BD000C8A0BE /* NewClipsCell.xib */ = {isa = PBXFileReference; lastKnownFileType = file.xib; path = NewClipsCell.xib; sourceTree = "<group>"; };
		83843A8B21458C1500C8A0BE /* PopularSongsCell.swift */ = {isa = PBXFileReference; lastKnownFileType = sourcecode.swift; path = PopularSongsCell.swift; sourceTree = "<group>"; };
		83843A8C21458C1500C8A0BE /* PopularSongsCell.xib */ = {isa = PBXFileReference; lastKnownFileType = file.xib; path = PopularSongsCell.xib; sourceTree = "<group>"; };
		83843A9121459E3600C8A0BE /* PreferedGenreCell.swift */ = {isa = PBXFileReference; lastKnownFileType = sourcecode.swift; path = PreferedGenreCell.swift; sourceTree = "<group>"; };
		83843A9221459E3600C8A0BE /* PreferedGenreCell.xib */ = {isa = PBXFileReference; lastKnownFileType = file.xib; path = PreferedGenreCell.xib; sourceTree = "<group>"; };
		A50017B8214A861D00E30175 /* Subscription.swift */ = {isa = PBXFileReference; lastKnownFileType = sourcecode.swift; path = Subscription.swift; sourceTree = "<group>"; };
		A50017BA214A976B00E30175 /* SubscriptionNetworkService.swift */ = {isa = PBXFileReference; lastKnownFileType = sourcecode.swift; path = SubscriptionNetworkService.swift; sourceTree = "<group>"; };
		A50017BC214A98CE00E30175 /* Session.swift */ = {isa = PBXFileReference; lastKnownFileType = sourcecode.swift; path = Session.swift; sourceTree = "<group>"; };
		A50017BE214A9A4000E30175 /* PaidSubscription.swift */ = {isa = PBXFileReference; lastKnownFileType = sourcecode.swift; path = PaidSubscription.swift; sourceTree = "<group>"; };
		A51313F9219EE7B20068DB76 /* ThemePlaylistsViewController.swift */ = {isa = PBXFileReference; lastKnownFileType = sourcecode.swift; path = ThemePlaylistsViewController.swift; sourceTree = "<group>"; };
		A51313FC219EE9800068DB76 /* ThemePlaylistsDataSource.swift */ = {isa = PBXFileReference; lastKnownFileType = sourcecode.swift; path = ThemePlaylistsDataSource.swift; sourceTree = "<group>"; };
		A5131401219EF0040068DB76 /* ThemePlaylistCell.swift */ = {isa = PBXFileReference; lastKnownFileType = sourcecode.swift; path = ThemePlaylistCell.swift; sourceTree = "<group>"; };
		A5131402219EF0040068DB76 /* ThemePlaylistCell.xib */ = {isa = PBXFileReference; lastKnownFileType = file.xib; path = ThemePlaylistCell.xib; sourceTree = "<group>"; };
		A528662F21A80D3D00000FB5 /* DeepLinkParser.swift */ = {isa = PBXFileReference; lastKnownFileType = sourcecode.swift; path = DeepLinkParser.swift; sourceTree = "<group>"; };
		A52FD8192146A439006C7EA0 /* ClipCell.swift */ = {isa = PBXFileReference; lastKnownFileType = sourcecode.swift; path = ClipCell.swift; sourceTree = "<group>"; };
		A52FD81A2146A439006C7EA0 /* ClipCell.xib */ = {isa = PBXFileReference; lastKnownFileType = file.xib; path = ClipCell.xib; sourceTree = "<group>"; };
		A52FD81D2146CDCA006C7EA0 /* SongCell.swift */ = {isa = PBXFileReference; lastKnownFileType = sourcecode.swift; path = SongCell.swift; sourceTree = "<group>"; };
		A52FD81E2146CDCA006C7EA0 /* SongCell.xib */ = {isa = PBXFileReference; lastKnownFileType = file.xib; path = SongCell.xib; sourceTree = "<group>"; };
		A5355FD221590CA0005D4101 /* MusicList.storyboard */ = {isa = PBXFileReference; lastKnownFileType = file.storyboard; path = MusicList.storyboard; sourceTree = "<group>"; };
		A5355FDC21591384005D4101 /* PopupViewController.swift */ = {isa = PBXFileReference; fileEncoding = 4; lastKnownFileType = sourcecode.swift; path = PopupViewController.swift; sourceTree = "<group>"; };
		A5355FDF21591909005D4101 /* PlayerView.storyboard */ = {isa = PBXFileReference; lastKnownFileType = file.storyboard; path = PlayerView.storyboard; sourceTree = "<group>"; };
		A54723B32148205600C18CAB /* TagCellLayout.framework */ = {isa = PBXFileReference; explicitFileType = wrapper.framework; path = TagCellLayout.framework; sourceTree = BUILT_PRODUCTS_DIR; };
		A547DBD5219C747D0071F95B /* SongEndPoint.swift */ = {isa = PBXFileReference; lastKnownFileType = sourcecode.swift; path = SongEndPoint.swift; sourceTree = "<group>"; };
		A5630F50214A837C0051759A /* SubscriptionService.swift */ = {isa = PBXFileReference; lastKnownFileType = sourcecode.swift; path = SubscriptionService.swift; sourceTree = "<group>"; };
		A567491A21523E130017BB68 /* AlbumNetworkService.swift */ = {isa = PBXFileReference; lastKnownFileType = sourcecode.swift; path = AlbumNetworkService.swift; sourceTree = "<group>"; };
		A5696F212167A23000D5FD89 /* UIViewControllerExtension.swift */ = {isa = PBXFileReference; lastKnownFileType = sourcecode.swift; path = UIViewControllerExtension.swift; sourceTree = "<group>"; };
		A5696F232167A64100D5FD89 /* NSObjectExtension.swift */ = {isa = PBXFileReference; lastKnownFileType = sourcecode.swift; path = NSObjectExtension.swift; sourceTree = "<group>"; };
		A5696F252167A6ED00D5FD89 /* UiIViewExtension.swift */ = {isa = PBXFileReference; lastKnownFileType = sourcecode.swift; path = UiIViewExtension.swift; sourceTree = "<group>"; };
		A56BDED62150EBEA00D75F83 /* NetworkService.swift */ = {isa = PBXFileReference; lastKnownFileType = sourcecode.swift; path = NetworkService.swift; sourceTree = "<group>"; };
		A56BDEDA2150ECBD00D75F83 /* SongNetworkService.swift */ = {isa = PBXFileReference; lastKnownFileType = sourcecode.swift; path = SongNetworkService.swift; sourceTree = "<group>"; };
		A56BDEDC2150ED2800D75F83 /* FetchingErrorHandler.swift */ = {isa = PBXFileReference; lastKnownFileType = sourcecode.swift; path = FetchingErrorHandler.swift; sourceTree = "<group>"; };
		A56BDEDE2150ED6400D75F83 /* Song.swift */ = {isa = PBXFileReference; lastKnownFileType = sourcecode.swift; path = Song.swift; sourceTree = "<group>"; };
		A56BDEE42150FD6100D75F83 /* MusicPlayerLandingPageInteractor.swift */ = {isa = PBXFileReference; lastKnownFileType = sourcecode.swift; path = MusicPlayerLandingPageInteractor.swift; sourceTree = "<group>"; };
		A56BDEE62151012900D75F83 /* PopularSongsDataSource.swift */ = {isa = PBXFileReference; lastKnownFileType = sourcecode.swift; path = PopularSongsDataSource.swift; sourceTree = "<group>"; };
		A56BDEE92151046E00D75F83 /* InteractorOutput.swift */ = {isa = PBXFileReference; lastKnownFileType = sourcecode.swift; path = InteractorOutput.swift; sourceTree = "<group>"; };
		A56BDEEC2151526800D75F83 /* NewReleasesDataSource.swift */ = {isa = PBXFileReference; lastKnownFileType = sourcecode.swift; path = NewReleasesDataSource.swift; sourceTree = "<group>"; };
		A57C7AF421762AFC008DA476 /* Mediator.swift */ = {isa = PBXFileReference; lastKnownFileType = sourcecode.swift; path = Mediator.swift; sourceTree = "<group>"; };
		A57C7AF721762B85008DA476 /* Sender.swift */ = {isa = PBXFileReference; lastKnownFileType = sourcecode.swift; path = Sender.swift; sourceTree = "<group>"; };
		A57C7AF921762B94008DA476 /* Reciever.swift */ = {isa = PBXFileReference; lastKnownFileType = sourcecode.swift; path = Reciever.swift; sourceTree = "<group>"; };
		A57C7AFB21762C37008DA476 /* Model.swift */ = {isa = PBXFileReference; lastKnownFileType = sourcecode.swift; path = Model.swift; sourceTree = "<group>"; };
		A58747E4217F3FAB00A7C2B2 /* SubscriptionInfoViewController.swift */ = {isa = PBXFileReference; lastKnownFileType = sourcecode.swift; path = SubscriptionInfoViewController.swift; sourceTree = "<group>"; };
		A58747F1217F776400A7C2B2 /* Base */ = {isa = PBXFileReference; lastKnownFileType = file.storyboard; name = Base; path = Base.lproj/SubscriptionInfoViewController.storyboard; sourceTree = "<group>"; };
		A5931347214B9D3C0071C75B /* FacebookCore.framework */ = {isa = PBXFileReference; explicitFileType = wrapper.framework; path = FacebookCore.framework; sourceTree = BUILT_PRODUCTS_DIR; };
		A5931349214B9D410071C75B /* FBSDKCoreKit.framework */ = {isa = PBXFileReference; explicitFileType = wrapper.framework; path = FBSDKCoreKit.framework; sourceTree = BUILT_PRODUCTS_DIR; };
		A593134B214B9DB00071C75B /* Bolts.framework */ = {isa = PBXFileReference; explicitFileType = wrapper.framework; path = Bolts.framework; sourceTree = BUILT_PRODUCTS_DIR; };
		A59C361921677A99009E14C5 /* DeeplinkManager.swift */ = {isa = PBXFileReference; lastKnownFileType = sourcecode.swift; path = DeeplinkManager.swift; sourceTree = "<group>"; };
		A59EF47D2150043700BC6CEA /* Album.swift */ = {isa = PBXFileReference; lastKnownFileType = sourcecode.swift; path = Album.swift; sourceTree = "<group>"; };
		A5B02C622179DF8D00A9E3A4 /* Music Player.entitlements */ = {isa = PBXFileReference; lastKnownFileType = text.plist.entitlements; path = "Music Player.entitlements"; sourceTree = "<group>"; };
		A5B02C63217A195800A9E3A4 /* StoreKit.framework */ = {isa = PBXFileReference; lastKnownFileType = wrapper.framework; name = StoreKit.framework; path = System/Library/Frameworks/StoreKit.framework; sourceTree = SDKROOT; };
		A5B06A61215B8CED001C05EB /* TodaysPlaylistsNertworkService.swift */ = {isa = PBXFileReference; lastKnownFileType = sourcecode.swift; path = TodaysPlaylistsNertworkService.swift; sourceTree = "<group>"; };
		A5B06A63215B8E88001C05EB /* TodayPlaylistEndPoint.swift */ = {isa = PBXFileReference; lastKnownFileType = sourcecode.swift; path = TodayPlaylistEndPoint.swift; sourceTree = "<group>"; };
		A5B06A65215BD1A2001C05EB /* TodayPlaylistDataSource.swift */ = {isa = PBXFileReference; lastKnownFileType = sourcecode.swift; path = TodayPlaylistDataSource.swift; sourceTree = "<group>"; };
		A5B689DC21C3E9C9005E3493 /* WelcomePagesViewController.swift */ = {isa = PBXFileReference; lastKnownFileType = sourcecode.swift; path = WelcomePagesViewController.swift; sourceTree = "<group>"; };
		A5BD8E0F21467D1400F3F812 /* NewAlbumCell.swift */ = {isa = PBXFileReference; lastKnownFileType = sourcecode.swift; path = NewAlbumCell.swift; sourceTree = "<group>"; };
		A5BD8E1021467D1400F3F812 /* NewAlbumCell.xib */ = {isa = PBXFileReference; lastKnownFileType = file.xib; path = NewAlbumCell.xib; sourceTree = "<group>"; };
		A5C7350A2147BF4000F58D1E /* UPCarouselFlowLayout.swift */ = {isa = PBXFileReference; lastKnownFileType = sourcecode.swift; path = UPCarouselFlowLayout.swift; sourceTree = "<group>"; };
		A5C7350C2147C57400F58D1E /* SectionHeaderView.swift */ = {isa = PBXFileReference; lastKnownFileType = sourcecode.swift; path = SectionHeaderView.swift; sourceTree = "<group>"; };
		A5C7350E2147C58B00F58D1E /* SectionHeaderView.xib */ = {isa = PBXFileReference; lastKnownFileType = file.xib; path = SectionHeaderView.xib; sourceTree = "<group>"; };
		A5C98F4D217482E90091F5CE /* PlayerViewController.swift */ = {isa = PBXFileReference; fileEncoding = 4; lastKnownFileType = sourcecode.swift; path = PlayerViewController.swift; sourceTree = "<group>"; };
		A5C98F4F217482FE0091F5CE /* PlayerViewControllerDelegate.swift */ = {isa = PBXFileReference; fileEncoding = 4; lastKnownFileType = sourcecode.swift; path = PlayerViewControllerDelegate.swift; sourceTree = "<group>"; };
		A5C98F512174831B0091F5CE /* MusicPlayerLandingPage.swift */ = {isa = PBXFileReference; fileEncoding = 4; lastKnownFileType = sourcecode.swift; path = MusicPlayerLandingPage.swift; sourceTree = "<group>"; };
		A5C98F55217483EA0091F5CE /* MusicListViewController.swift */ = {isa = PBXFileReference; lastKnownFileType = sourcecode.swift; path = MusicListViewController.swift; sourceTree = "<group>"; };
		A5CB1A7A2153ABBA0002D7CC /* EnpointType.swift */ = {isa = PBXFileReference; lastKnownFileType = sourcecode.swift; path = EnpointType.swift; sourceTree = "<group>"; };
		A5CB1A7D2153AC540002D7CC /* AlbumEndPoint.swift */ = {isa = PBXFileReference; lastKnownFileType = sourcecode.swift; path = AlbumEndPoint.swift; sourceTree = "<group>"; };
		A5CB1A822153CA330002D7CC /* SongsDataSource.swift */ = {isa = PBXFileReference; lastKnownFileType = sourcecode.swift; path = SongsDataSource.swift; sourceTree = "<group>"; };
		A5CB1A852153CB530002D7CC /* TrackCell.swift */ = {isa = PBXFileReference; lastKnownFileType = sourcecode.swift; path = TrackCell.swift; sourceTree = "<group>"; };
		A5CB1A862153CB530002D7CC /* TrackCell.xib */ = {isa = PBXFileReference; lastKnownFileType = file.xib; path = TrackCell.xib; sourceTree = "<group>"; };
		A5E0C32D216F69E80045975E /* Knob.swift */ = {isa = PBXFileReference; fileEncoding = 4; lastKnownFileType = sourcecode.swift; path = Knob.swift; sourceTree = "<group>"; };
		A5E9635021552AB5006509C7 /* ImageFetchNetworkService.swift */ = {isa = PBXFileReference; lastKnownFileType = sourcecode.swift; path = ImageFetchNetworkService.swift; sourceTree = "<group>"; };
		A5E96352215542D6006509C7 /* ModelType.swift */ = {isa = PBXFileReference; lastKnownFileType = sourcecode.swift; path = ModelType.swift; sourceTree = "<group>"; };
		A5EC62D621539A6700721542 /* HeaderData.swift */ = {isa = PBXFileReference; lastKnownFileType = sourcecode.swift; path = HeaderData.swift; sourceTree = "<group>"; };
		A5EFB3F421B13719004EE546 /* FacebookEventsEnviroment.swift */ = {isa = PBXFileReference; lastKnownFileType = sourcecode.swift; path = FacebookEventsEnviroment.swift; sourceTree = "<group>"; };
		A5F8259B216B50F1007C0CC7 /* DeepLinkNavigator.swift */ = {isa = PBXFileReference; lastKnownFileType = sourcecode.swift; path = DeepLinkNavigator.swift; sourceTree = "<group>"; };
		A5F8259D216B59A9007C0CC7 /* deeplink.html */ = {isa = PBXFileReference; lastKnownFileType = text.html; path = deeplink.html; sourceTree = "<group>"; };
		A5F825A1216B6AA7007C0CC7 /* StringExtention.swift */ = {isa = PBXFileReference; lastKnownFileType = sourcecode.swift; path = StringExtention.swift; sourceTree = "<group>"; };
		A5F825AC216B70E9007C0CC7 /* en */ = {isa = PBXFileReference; lastKnownFileType = text.plist.strings; name = en; path = en.lproj/Main.strings; sourceTree = "<group>"; };
		A5F825AD216B70F4007C0CC7 /* ru */ = {isa = PBXFileReference; lastKnownFileType = text.plist.strings; name = ru; path = ru.lproj/Main.strings; sourceTree = "<group>"; };
		A5F825B1216B7A9F007C0CC7 /* ru */ = {isa = PBXFileReference; lastKnownFileType = text.plist.strings; name = ru; path = ru.lproj/Localizable.strings; sourceTree = "<group>"; };
		A5F825B3216B7AA1007C0CC7 /* en */ = {isa = PBXFileReference; lastKnownFileType = text.plist.strings; name = en; path = en.lproj/Localizable.strings; sourceTree = "<group>"; };
		D33843851C1F7A7300348BE9 /* Launch Screen.storyboard */ = {isa = PBXFileReference; fileEncoding = 4; lastKnownFileType = file.storyboard; path = "Launch Screen.storyboard"; sourceTree = "<group>"; };
		D36191BC19E9647B00CC9026 /* Base */ = {isa = PBXFileReference; lastKnownFileType = file.storyboard; name = Base; path = Base.lproj/Main.storyboard; sourceTree = "<group>"; };
		D3D2E94D19A36A0000DEF125 /* Music Player.app */ = {isa = PBXFileReference; explicitFileType = wrapper.application; includeInIndex = 0; path = "Music Player.app"; sourceTree = BUILT_PRODUCTS_DIR; };
		D3D2E95219A36A0000DEF125 /* AppDelegate.swift */ = {isa = PBXFileReference; lastKnownFileType = sourcecode.swift; path = AppDelegate.swift; sourceTree = "<group>"; };
		D3D2E95919A36A0000DEF125 /* Images.xcassets */ = {isa = PBXFileReference; lastKnownFileType = folder.assetcatalog; path = Images.xcassets; sourceTree = "<group>"; };
		D7421AB412DB569E3E839E68 /* Pods-Music Player.debug.xcconfig */ = {isa = PBXFileReference; includeInIndex = 1; lastKnownFileType = text.xcconfig; name = "Pods-Music Player.debug.xcconfig"; path = "Pods/Target Support Files/Pods-Music Player/Pods-Music Player.debug.xcconfig"; sourceTree = "<group>"; };
/* End PBXFileReference section */

/* Begin PBXFrameworksBuildPhase section */
		D3D2E94A19A36A0000DEF125 /* Frameworks */ = {
			isa = PBXFrameworksBuildPhase;
			buildActionMask = 2147483647;
			files = (
				12C39EC21317E48C5DC974D2 /* Pods_Music_Player.framework in Frameworks */,
				A5B02C64217A195800A9E3A4 /* StoreKit.framework in Frameworks */,
			);
			runOnlyForDeploymentPostprocessing = 0;
		};
/* End PBXFrameworksBuildPhase section */

/* Begin PBXGroup section */
		73DE6834602F414EA19A688A /* Pods */ = {
			isa = PBXGroup;
			children = (
				D7421AB412DB569E3E839E68 /* Pods-Music Player.debug.xcconfig */,
				1C77BA7F00F6CBD260E26B12 /* Pods-Music Player.release.xcconfig */,
			);
			name = Pods;
			sourceTree = "<group>";
		};
		832540A22145BACF00727316 /* PreferencesCell */ = {
			isa = PBXGroup;
			children = (
				83843A7A21458AA700C8A0BE /* PreferencesCell.swift */,
				83843A7B21458AA700C8A0BE /* PreferencesCell.xib */,
				83843A9121459E3600C8A0BE /* PreferedGenreCell.swift */,
				83843A9221459E3600C8A0BE /* PreferedGenreCell.xib */,
			);
			name = PreferencesCell;
			sourceTree = "<group>";
		};
		832540A32145BADB00727316 /* TodaysPlaylistCell */ = {
			isa = PBXGroup;
			children = (
				A5B06A67215BD65F001C05EB /* DataSource */,
				83843A7F21458B4900C8A0BE /* TodaysPlaylistCell.swift */,
				83843A8021458B4900C8A0BE /* TodaysPlaylistCell.xib */,
				832540A42145BB1300727316 /* TodaySongCell.swift */,
				832540A52145BB1300727316 /* TodaySongCell.xib */,
			);
			name = TodaysPlaylistCell;
			sourceTree = "<group>";
		};
		83843A7E21458B2900C8A0BE /* Cells */ = {
			isa = PBXGroup;
			children = (
				83843A762145881800C8A0BE /* UpperCell.swift */,
				83843A772145881800C8A0BE /* UpperCell.xib */,
				832540A22145BACF00727316 /* PreferencesCell */,
				832540A32145BADB00727316 /* TodaysPlaylistCell */,
				A5BD8E0E21467CB700F3F812 /* NewReleases */,
				A52FD8182146A41C006C7EA0 /* NewClipsCell */,
				A52FD8212146CDE7006C7EA0 /* PopularSongs */,
				A5C7350C2147C57400F58D1E /* SectionHeaderView.swift */,
				A5C7350E2147C58B00F58D1E /* SectionHeaderView.xib */,
			);
			name = Cells;
			sourceTree = "<group>";
		};
		8E50B23546284CAD01199D0C /* Frameworks */ = {
			isa = PBXGroup;
			children = (
				A5B02C63217A195800A9E3A4 /* StoreKit.framework */,
				A593134B214B9DB00071C75B /* Bolts.framework */,
				A5931349214B9D410071C75B /* FBSDKCoreKit.framework */,
				A5931347214B9D3C0071C75B /* FacebookCore.framework */,
				A54723B32148205600C18CAB /* TagCellLayout.framework */,
				639AE2A1BD3BDBA6A72629C6 /* Pods_Music_Player.framework */,
			);
			name = Frameworks;
			sourceTree = "<group>";
		};
		A50017B7214A860B00E30175 /* Subscription */ = {
			isa = PBXGroup;
			children = (
				A5630F50214A837C0051759A /* SubscriptionService.swift */,
				A50017BA214A976B00E30175 /* SubscriptionNetworkService.swift */,
				A50017B8214A861D00E30175 /* Subscription.swift */,
				A50017BC214A98CE00E30175 /* Session.swift */,
				A50017BE214A9A4000E30175 /* PaidSubscription.swift */,
			);
			name = Subscription;
			sourceTree = "<group>";
		};
		A51313FB219EE7C00068DB76 /* ThemePlaylistsViewController */ = {
			isa = PBXGroup;
			children = (
				A51313FF219EEFDC0068DB76 /* View */,
			);
			name = ThemePlaylistsViewController;
			sourceTree = "<group>";
		};
		A51313FE219EE98D0068DB76 /* DataSource */ = {
			isa = PBXGroup;
			children = (
				A51313FC219EE9800068DB76 /* ThemePlaylistsDataSource.swift */,
			);
			name = DataSource;
			sourceTree = "<group>";
		};
		A51313FF219EEFDC0068DB76 /* View */ = {
			isa = PBXGroup;
			children = (
				A51313FE219EE98D0068DB76 /* DataSource */,
				A5131400219EEFE10068DB76 /* Cells */,
				A51313F9219EE7B20068DB76 /* ThemePlaylistsViewController.swift */,
				A5CB1A812153C8F50002D7CC /* MusicListViewController */,
			);
			name = View;
			sourceTree = "<group>";
		};
		A5131400219EEFE10068DB76 /* Cells */ = {
			isa = PBXGroup;
			children = (
				A5131401219EF0040068DB76 /* ThemePlaylistCell.swift */,
				A5131402219EF0040068DB76 /* ThemePlaylistCell.xib */,
			);
			name = Cells;
			sourceTree = "<group>";
		};
		A52FD8182146A41C006C7EA0 /* NewClipsCell */ = {
			isa = PBXGroup;
			children = (
				83843A8721458BD000C8A0BE /* NewClipsCell.swift */,
				83843A8821458BD000C8A0BE /* NewClipsCell.xib */,
				A52FD8192146A439006C7EA0 /* ClipCell.swift */,
				A52FD81A2146A439006C7EA0 /* ClipCell.xib */,
			);
			name = NewClipsCell;
			sourceTree = "<group>";
		};
		A52FD8212146CDE7006C7EA0 /* PopularSongs */ = {
			isa = PBXGroup;
			children = (
				A56BDEEB21514FCC00D75F83 /* DataSource */,
				A52FD81E2146CDCA006C7EA0 /* SongCell.xib */,
				A52FD81D2146CDCA006C7EA0 /* SongCell.swift */,
				83843A8B21458C1500C8A0BE /* PopularSongsCell.swift */,
				83843A8C21458C1500C8A0BE /* PopularSongsCell.xib */,
			);
			name = PopularSongs;
			sourceTree = "<group>";
		};
		A5355FCB2158F693005D4101 /* Appearance */ = {
			isa = PBXGroup;
			children = (
				A5E0C32D216F69E80045975E /* Knob.swift */,
				A5EC62DA21539B3300721542 /* FlowLayout */,
				A5355FDC21591384005D4101 /* PopupViewController.swift */,
			);
			name = Appearance;
			sourceTree = "<group>";
		};
		A5355FDE215918F9005D4101 /* Player */ = {
			isa = PBXGroup;
			children = (
				A5C98F4F217482FE0091F5CE /* PlayerViewControllerDelegate.swift */,
				A5C98F4D217482E90091F5CE /* PlayerViewController.swift */,
				A5355FDF21591909005D4101 /* PlayerView.storyboard */,
			);
			name = Player;
			sourceTree = "<group>";
		};
		A5696F202167A20D00D5FD89 /* Extensions */ = {
			isa = PBXGroup;
			children = (
				A5696F212167A23000D5FD89 /* UIViewControllerExtension.swift */,
				A5696F232167A64100D5FD89 /* NSObjectExtension.swift */,
				A5696F252167A6ED00D5FD89 /* UiIViewExtension.swift */,
				A5F825A1216B6AA7007C0CC7 /* StringExtention.swift */,
			);
			name = Extensions;
			sourceTree = "<group>";
		};
		A56BDED82150EC9600D75F83 /* Network */ = {
			isa = PBXGroup;
			children = (
				A56BDED62150EBEA00D75F83 /* NetworkService.swift */,
				A56BDEDA2150ECBD00D75F83 /* SongNetworkService.swift */,
				A567491A21523E130017BB68 /* AlbumNetworkService.swift */,
				A5E9635021552AB5006509C7 /* ImageFetchNetworkService.swift */,
				A5B06A61215B8CED001C05EB /* TodaysPlaylistsNertworkService.swift */,
			);
			name = Network;
			sourceTree = "<group>";
		};
		A56BDED92150EC9D00D75F83 /* Services */ = {
			isa = PBXGroup;
			children = (
				A5EFB3F621B1371D004EE546 /* Helpers */,
				A56BDED82150EC9600D75F83 /* Network */,
				A5CB1A7C2153AC340002D7CC /* EndPoint */,
			);
			name = Services;
			sourceTree = "<group>";
		};
		A56BDEE32150FD4700D75F83 /* View */ = {
			isa = PBXGroup;
			children = (
				A5C98F512174831B0091F5CE /* MusicPlayerLandingPage.swift */,
			);
			name = View;
			sourceTree = "<group>";
		};
		A56BDEE82151043700D75F83 /* Interactor */ = {
			isa = PBXGroup;
			children = (
				A56BDEE42150FD6100D75F83 /* MusicPlayerLandingPageInteractor.swift */,
				A56BDEE92151046E00D75F83 /* InteractorOutput.swift */,
			);
			name = Interactor;
			sourceTree = "<group>";
		};
		A56BDEEB21514FCC00D75F83 /* DataSource */ = {
			isa = PBXGroup;
			children = (
				A56BDEE62151012900D75F83 /* PopularSongsDataSource.swift */,
			);
			name = DataSource;
			sourceTree = "<group>";
		};
		A56BDEEE215153BC00D75F83 /* DataSource */ = {
			isa = PBXGroup;
			children = (
				A56BDEEC2151526800D75F83 /* NewReleasesDataSource.swift */,
			);
			name = DataSource;
			sourceTree = "<group>";
		};
		A57C7AF621762B74008DA476 /* Mediator */ = {
			isa = PBXGroup;
			children = (
				A57C7AF421762AFC008DA476 /* Mediator.swift */,
				A57C7AF721762B85008DA476 /* Sender.swift */,
				A57C7AF921762B94008DA476 /* Reciever.swift */,
			);
			name = Mediator;
			sourceTree = "<group>";
		};
		A58747E6217F3FDF00A7C2B2 /* SubscriptionInfo */ = {
			isa = PBXGroup;
			children = (
				A58747E4217F3FAB00A7C2B2 /* SubscriptionInfoViewController.swift */,
				A58747F2217F776400A7C2B2 /* SubscriptionInfoViewController.storyboard */,
			);
			name = SubscriptionInfo;
			sourceTree = "<group>";
		};
		A59EF47F2150086E00BC6CEA /* Models */ = {
			isa = PBXGroup;
			children = (
				A59EF47D2150043700BC6CEA /* Album.swift */,
				A56BDEDE2150ED6400D75F83 /* Song.swift */,
				A5EC62D621539A6700721542 /* HeaderData.swift */,
				A5E96352215542D6006509C7 /* ModelType.swift */,
				A57C7AFB21762C37008DA476 /* Model.swift */,
			);
			name = Models;
			sourceTree = "<group>";
		};
		A5B06A67215BD65F001C05EB /* DataSource */ = {
			isa = PBXGroup;
			children = (
				A5B06A65215BD1A2001C05EB /* TodayPlaylistDataSource.swift */,
			);
			name = DataSource;
			sourceTree = "<group>";
		};
		A5B689DE21C3F0E8005E3493 /* WelcomePages */ = {
			isa = PBXGroup;
			children = (
				A5B689DC21C3E9C9005E3493 /* WelcomePagesViewController.swift */,
			);
			name = WelcomePages;
			sourceTree = "<group>";
		};
		A5B7C096214AAFBE0019E5C8 /* MusicPlayerLanding */ = {
			isa = PBXGroup;
			children = (
				A56BDEE32150FD4700D75F83 /* View */,
				83843A7E21458B2900C8A0BE /* Cells */,
				A56BDEE82151043700D75F83 /* Interactor */,
				A59EF47F2150086E00BC6CEA /* Models */,
			);
			name = MusicPlayerLanding;
			sourceTree = "<group>";
		};
		A5BD8E0E21467CB700F3F812 /* NewReleases */ = {
			isa = PBXGroup;
			children = (
				A56BDEEE215153BC00D75F83 /* DataSource */,
				83843A8321458B9700C8A0BE /* NewReleasesCell.swift */,
				83843A8421458B9700C8A0BE /* NewReleasesCell.xib */,
				A5BD8E0F21467D1400F3F812 /* NewAlbumCell.swift */,
				A5BD8E1021467D1400F3F812 /* NewAlbumCell.xib */,
			);
			name = NewReleases;
			sourceTree = "<group>";
		};
		A5CB1A7C2153AC340002D7CC /* EndPoint */ = {
			isa = PBXGroup;
			children = (
				A5CB1A7A2153ABBA0002D7CC /* EnpointType.swift */,
				A5B06A63215B8E88001C05EB /* TodayPlaylistEndPoint.swift */,
				A5CB1A7D2153AC540002D7CC /* AlbumEndPoint.swift */,
				A547DBD5219C747D0071F95B /* SongEndPoint.swift */,
			);
			name = EndPoint;
			sourceTree = "<group>";
		};
		A5CB1A812153C8F50002D7CC /* MusicListViewController */ = {
			isa = PBXGroup;
			children = (
				A5CB1A8A2153E3AB0002D7CC /* View */,
				A5CB1A842153CB1F0002D7CC /* DataSource */,
			);
			name = MusicListViewController;
			sourceTree = "<group>";
		};
		A5CB1A842153CB1F0002D7CC /* DataSource */ = {
			isa = PBXGroup;
			children = (
				A5CB1A822153CA330002D7CC /* SongsDataSource.swift */,
			);
			name = DataSource;
			sourceTree = "<group>";
		};
		A5CB1A892153CB590002D7CC /* Cell */ = {
			isa = PBXGroup;
			children = (
				A5CB1A852153CB530002D7CC /* TrackCell.swift */,
				A5CB1A862153CB530002D7CC /* TrackCell.xib */,
			);
			name = Cell;
			sourceTree = "<group>";
		};
		A5CB1A8A2153E3AB0002D7CC /* View */ = {
			isa = PBXGroup;
			children = (
				A5C98F55217483EA0091F5CE /* MusicListViewController.swift */,
				A5CB1A892153CB590002D7CC /* Cell */,
				A5F8259D216B59A9007C0CC7 /* deeplink.html */,
				A5355FD221590CA0005D4101 /* MusicList.storyboard */,
			);
			name = View;
			sourceTree = "<group>";
		};
		A5EC62DA21539B3300721542 /* FlowLayout */ = {
			isa = PBXGroup;
			children = (
				A5C7350A2147BF4000F58D1E /* UPCarouselFlowLayout.swift */,
			);
			name = FlowLayout;
			sourceTree = "<group>";
		};
		A5EFB3F621B1371D004EE546 /* Helpers */ = {
			isa = PBXGroup;
			children = (
				A5EFB3F421B13719004EE546 /* FacebookEventsEnviroment.swift */,
			);
			name = Helpers;
			sourceTree = "<group>";
		};
		A5F8259A216B50D3007C0CC7 /* DeepLink */ = {
			isa = PBXGroup;
			children = (
				A59C361921677A99009E14C5 /* DeeplinkManager.swift */,
				A5F8259B216B50F1007C0CC7 /* DeepLinkNavigator.swift */,
				A528662F21A80D3D00000FB5 /* DeepLinkParser.swift */,
			);
			name = DeepLink;
			sourceTree = "<group>";
		};
		D3D2E94419A36A0000DEF125 = {
			isa = PBXGroup;
			children = (
				A5F825B2216B7A9F007C0CC7 /* Localizable.strings */,
				D3D2E94F19A36A0000DEF125 /* Music Player */,
				D3D2E95919A36A0000DEF125 /* Images.xcassets */,
				D3D2E94E19A36A0000DEF125 /* Products */,
				8E50B23546284CAD01199D0C /* Frameworks */,
				73DE6834602F414EA19A688A /* Pods */,
			);
			sourceTree = "<group>";
		};
		D3D2E94E19A36A0000DEF125 /* Products */ = {
			isa = PBXGroup;
			children = (
				D3D2E94D19A36A0000DEF125 /* Music Player.app */,
			);
			name = Products;
			sourceTree = "<group>";
		};
		D3D2E94F19A36A0000DEF125 /* Music Player */ = {
			isa = PBXGroup;
			children = (
				A5B02C622179DF8D00A9E3A4 /* Music Player.entitlements */,
				A57C7AF621762B74008DA476 /* Mediator */,
				A5F8259A216B50D3007C0CC7 /* DeepLink */,
				A50017B7214A860B00E30175 /* Subscription */,
				A5696F202167A20D00D5FD89 /* Extensions */,
				A5355FCB2158F693005D4101 /* Appearance */,
				A5355FDE215918F9005D4101 /* Player */,
				A51313FB219EE7C00068DB76 /* ThemePlaylistsViewController */,
				A5B7C096214AAFBE0019E5C8 /* MusicPlayerLanding */,
				D36191BB19E9647B00CC9026 /* Main.storyboard */,
				D3D2E95019A36A0000DEF125 /* Application */,
				A56BDED92150EC9D00D75F83 /* Services */,
				A56BDEDC2150ED2800D75F83 /* FetchingErrorHandler.swift */,
				A58747E6217F3FDF00A7C2B2 /* SubscriptionInfo */,
				A5B689DE21C3F0E8005E3493 /* WelcomePages */,
			);
			path = "Music Player";
			sourceTree = "<group>";
		};
		D3D2E95019A36A0000DEF125 /* Application */ = {
			isa = PBXGroup;
			children = (
				D3D2E95219A36A0000DEF125 /* AppDelegate.swift */,
				D33843851C1F7A7300348BE9 /* Launch Screen.storyboard */,
			);
			name = Application;
			sourceTree = "<group>";
		};
/* End PBXGroup section */

/* Begin PBXNativeTarget section */
		D3D2E94C19A36A0000DEF125 /* Music Player */ = {
			isa = PBXNativeTarget;
			buildConfigurationList = D3D2E96919A36A0000DEF125 /* Build configuration list for PBXNativeTarget "Music Player" */;
			buildPhases = (
				EC663CE2FB3B47AFA36BEE34 /* [CP] Check Pods Manifest.lock */,
				D3D2E94919A36A0000DEF125 /* Sources */,
				D3D2E94A19A36A0000DEF125 /* Frameworks */,
				D3D2E94B19A36A0000DEF125 /* Resources */,
				78BA7D504BEFC3B73205DAB6 /* [CP] Embed Pods Frameworks */,
			);
			buildRules = (
			);
			dependencies = (
			);
			name = "Music Player";
			productName = "Music Player";
			productReference = D3D2E94D19A36A0000DEF125 /* Music Player.app */;
			productType = "com.apple.product-type.application";
		};
/* End PBXNativeTarget section */

/* Begin PBXProject section */
		D3D2E94519A36A0000DEF125 /* Project object */ = {
			isa = PBXProject;
			attributes = {
				LastSwiftMigration = 0710;
				LastSwiftUpdateCheck = 0710;
				LastUpgradeCheck = 0940;
				ORGANIZATIONNAME = polat;
				TargetAttributes = {
					D3D2E94C19A36A0000DEF125 = {
						CreatedOnToolsVersion = 6.0;
						DevelopmentTeam = FKAK3GFPT6;
						LastSwiftMigration = 0800;
						SystemCapabilities = {
							com.apple.BackgroundModes = {
								enabled = 1;
							};
							com.apple.InAppPurchase = {
								enabled = 1;
							};
							com.apple.SafariKeychain = {
								enabled = 1;
							};
						};
					};
				};
			};
			buildConfigurationList = D3D2E94819A36A0000DEF125 /* Build configuration list for PBXProject "Music Player" */;
			compatibilityVersion = "Xcode 3.2";
			developmentRegion = English;
			hasScannedForEncodings = 0;
			knownRegions = (
				Base,
				en,
			);
			mainGroup = D3D2E94419A36A0000DEF125;
			productRefGroup = D3D2E94E19A36A0000DEF125 /* Products */;
			projectDirPath = "";
			projectRoot = "";
			targets = (
				D3D2E94C19A36A0000DEF125 /* Music Player */,
			);
		};
/* End PBXProject section */

/* Begin PBXResourcesBuildPhase section */
		D3D2E94B19A36A0000DEF125 /* Resources */ = {
			isa = PBXResourcesBuildPhase;
			buildActionMask = 2147483647;
			files = (
				A5CB1A882153CB530002D7CC /* TrackCell.xib in Resources */,
				A5355FE021591909005D4101 /* PlayerView.storyboard in Resources */,
				83843A8621458B9700C8A0BE /* NewReleasesCell.xib in Resources */,
				A52FD8202146CDCA006C7EA0 /* SongCell.xib in Resources */,
				A5BD8E1221467D1400F3F812 /* NewAlbumCell.xib in Resources */,
				A5F825B0216B7A9F007C0CC7 /* Localizable.strings in Resources */,
				A5C7350F2147C58B00F58D1E /* SectionHeaderView.xib in Resources */,
				83843A8A21458BD000C8A0BE /* NewClipsCell.xib in Resources */,
				D33843861C1F7A7300348BE9 /* Launch Screen.storyboard in Resources */,
				83843A9421459E3600C8A0BE /* PreferedGenreCell.xib in Resources */,
				83843A8E21458C1500C8A0BE /* PopularSongsCell.xib in Resources */,
				832540A72145BB1300727316 /* TodaySongCell.xib in Resources */,
				A52FD81C2146A439006C7EA0 /* ClipCell.xib in Resources */,
				A5131404219EF0040068DB76 /* ThemePlaylistCell.xib in Resources */,
				A58747F0217F776400A7C2B2 /* SubscriptionInfoViewController.storyboard in Resources */,
				A5355FD321590CA0005D4101 /* MusicList.storyboard in Resources */,
				A5F8259E216B59A9007C0CC7 /* deeplink.html in Resources */,
				D36191BE19E9647B00CC9026 /* Main.storyboard in Resources */,
				83843A8221458B4900C8A0BE /* TodaysPlaylistCell.xib in Resources */,
				D3D2E95A19A36A0000DEF125 /* Images.xcassets in Resources */,
				83843A7D21458AA700C8A0BE /* PreferencesCell.xib in Resources */,
				83843A792145881800C8A0BE /* UpperCell.xib in Resources */,
			);
			runOnlyForDeploymentPostprocessing = 0;
		};
/* End PBXResourcesBuildPhase section */

/* Begin PBXShellScriptBuildPhase section */
		78BA7D504BEFC3B73205DAB6 /* [CP] Embed Pods Frameworks */ = {
			isa = PBXShellScriptBuildPhase;
			buildActionMask = 2147483647;
			files = (
			);
			inputPaths = (
				"${SRCROOT}/Pods/Target Support Files/Pods-Music Player/Pods-Music Player-frameworks.sh",
				"${BUILT_PRODUCTS_DIR}/Alamofire/Alamofire.framework",
				"${BUILT_PRODUCTS_DIR}/AlamofireImage/AlamofireImage.framework",
				"${BUILT_PRODUCTS_DIR}/Bolts/Bolts.framework",
				"${BUILT_PRODUCTS_DIR}/FBSDKCoreKit/FBSDKCoreKit.framework",
				"${BUILT_PRODUCTS_DIR}/FacebookCore/FacebookCore.framework",
				"${BUILT_PRODUCTS_DIR}/KDEAudioPlayer/KDEAudioPlayer.framework",
				"${BUILT_PRODUCTS_DIR}/SwiftyJSON/SwiftyJSON.framework",
				"${BUILT_PRODUCTS_DIR}/paper-onboarding/paper_onboarding.framework",
			);
			name = "[CP] Embed Pods Frameworks";
			outputPaths = (
				"${TARGET_BUILD_DIR}/${FRAMEWORKS_FOLDER_PATH}/Alamofire.framework",
				"${TARGET_BUILD_DIR}/${FRAMEWORKS_FOLDER_PATH}/AlamofireImage.framework",
				"${TARGET_BUILD_DIR}/${FRAMEWORKS_FOLDER_PATH}/Bolts.framework",
				"${TARGET_BUILD_DIR}/${FRAMEWORKS_FOLDER_PATH}/FBSDKCoreKit.framework",
				"${TARGET_BUILD_DIR}/${FRAMEWORKS_FOLDER_PATH}/FacebookCore.framework",
				"${TARGET_BUILD_DIR}/${FRAMEWORKS_FOLDER_PATH}/KDEAudioPlayer.framework",
				"${TARGET_BUILD_DIR}/${FRAMEWORKS_FOLDER_PATH}/SwiftyJSON.framework",
				"${TARGET_BUILD_DIR}/${FRAMEWORKS_FOLDER_PATH}/paper_onboarding.framework",
			);
			runOnlyForDeploymentPostprocessing = 0;
			shellPath = /bin/sh;
			shellScript = "\"${SRCROOT}/Pods/Target Support Files/Pods-Music Player/Pods-Music Player-frameworks.sh\"\n";
			showEnvVarsInLog = 0;
		};
		EC663CE2FB3B47AFA36BEE34 /* [CP] Check Pods Manifest.lock */ = {
			isa = PBXShellScriptBuildPhase;
			buildActionMask = 2147483647;
			files = (
			);
			inputPaths = (
				"${PODS_PODFILE_DIR_PATH}/Podfile.lock",
				"${PODS_ROOT}/Manifest.lock",
			);
			name = "[CP] Check Pods Manifest.lock";
			outputPaths = (
				"$(DERIVED_FILE_DIR)/Pods-Music Player-checkManifestLockResult.txt",
			);
			runOnlyForDeploymentPostprocessing = 0;
			shellPath = /bin/sh;
			shellScript = "diff \"${PODS_PODFILE_DIR_PATH}/Podfile.lock\" \"${PODS_ROOT}/Manifest.lock\" > /dev/null\nif [ $? != 0 ] ; then\n    # print error to STDERR\n    echo \"error: The sandbox is not in sync with the Podfile.lock. Run 'pod install' or update your CocoaPods installation.\" >&2\n    exit 1\nfi\n# This output is used by Xcode 'outputs' to avoid re-running this script phase.\necho \"SUCCESS\" > \"${SCRIPT_OUTPUT_FILE_0}\"\n";
			showEnvVarsInLog = 0;
		};
/* End PBXShellScriptBuildPhase section */

/* Begin PBXSourcesBuildPhase section */
		D3D2E94919A36A0000DEF125 /* Sources */ = {
			isa = PBXSourcesBuildPhase;
			buildActionMask = 2147483647;
			files = (
				83843A782145881800C8A0BE /* UpperCell.swift in Sources */,
				83843A8521458B9700C8A0BE /* NewReleasesCell.swift in Sources */,
				832540A62145BB1300727316 /* TodaySongCell.swift in Sources */,
				A59C361A21677A99009E14C5 /* DeeplinkManager.swift in Sources */,
				A50017B9214A861D00E30175 /* Subscription.swift in Sources */,
				A5355FDD21591384005D4101 /* PopupViewController.swift in Sources */,
				A5B06A66215BD1A2001C05EB /* TodayPlaylistDataSource.swift in Sources */,
				83843A7C21458AA700C8A0BE /* PreferencesCell.swift in Sources */,
				A57C7AF821762B85008DA476 /* Sender.swift in Sources */,
				A5EFB3F521B13719004EE546 /* FacebookEventsEnviroment.swift in Sources */,
				A50017BB214A976B00E30175 /* SubscriptionNetworkService.swift in Sources */,
				A5C98F4E217482E90091F5CE /* PlayerViewController.swift in Sources */,
				83843A8921458BD000C8A0BE /* NewClipsCell.swift in Sources */,
				A56BDEEA2151046E00D75F83 /* InteractorOutput.swift in Sources */,
				A5F8259C216B50F1007C0CC7 /* DeepLinkNavigator.swift in Sources */,
				D3D2E95319A36A0000DEF125 /* AppDelegate.swift in Sources */,
				A57C7AF521762AFC008DA476 /* Mediator.swift in Sources */,
				A5696F262167A6ED00D5FD89 /* UiIViewExtension.swift in Sources */,
				A528663021A80D3D00000FB5 /* DeepLinkParser.swift in Sources */,
				A5630F51214A837C0051759A /* SubscriptionService.swift in Sources */,
				A56BDEDD2150ED2800D75F83 /* FetchingErrorHandler.swift in Sources */,
				A5F825A2216B6AA7007C0CC7 /* StringExtention.swift in Sources */,
				A5BD8E1121467D1400F3F812 /* NewAlbumCell.swift in Sources */,
				83843A8D21458C1500C8A0BE /* PopularSongsCell.swift in Sources */,
				A58747E5217F3FAB00A7C2B2 /* SubscriptionInfoViewController.swift in Sources */,
				A56BDED72150EBEA00D75F83 /* NetworkService.swift in Sources */,
				A5E96353215542D6006509C7 /* ModelType.swift in Sources */,
				A56BDEE72151012900D75F83 /* PopularSongsDataSource.swift in Sources */,
				A57C7AFC21762C37008DA476 /* Model.swift in Sources */,
				A51313FD219EE9800068DB76 /* ThemePlaylistsDataSource.swift in Sources */,
				A5B689DD21C3E9C9005E3493 /* WelcomePagesViewController.swift in Sources */,
				A56BDEE52150FD6100D75F83 /* MusicPlayerLandingPageInteractor.swift in Sources */,
				A59EF47E2150043700BC6CEA /* Album.swift in Sources */,
				A5CB1A7E2153AC540002D7CC /* AlbumEndPoint.swift in Sources */,
				A52FD81F2146CDCA006C7EA0 /* SongCell.swift in Sources */,
				A5E9635121552AB5006509C7 /* ImageFetchNetworkService.swift in Sources */,
				A567491B21523E130017BB68 /* AlbumNetworkService.swift in Sources */,
				A5C98F522174831B0091F5CE /* MusicPlayerLandingPage.swift in Sources */,
				A5C98F56217483EA0091F5CE /* MusicListViewController.swift in Sources */,
				A50017BF214A9A4000E30175 /* PaidSubscription.swift in Sources */,
				A50017BD214A98CE00E30175 /* Session.swift in Sources */,
				A5E0C32E216F69E80045975E /* Knob.swift in Sources */,
				A5CB1A7B2153ABBA0002D7CC /* EnpointType.swift in Sources */,
				A5C7350D2147C57400F58D1E /* SectionHeaderView.swift in Sources */,
				A5B06A64215B8E88001C05EB /* TodayPlaylistEndPoint.swift in Sources */,
				A5696F242167A64100D5FD89 /* NSObjectExtension.swift in Sources */,
				83843A8121458B4900C8A0BE /* TodaysPlaylistCell.swift in Sources */,
				A547DBD6219C747D0071F95B /* SongEndPoint.swift in Sources */,
				A5696F222167A23000D5FD89 /* UIViewControllerExtension.swift in Sources */,
				83843A9321459E3600C8A0BE /* PreferedGenreCell.swift in Sources */,
				A56BDEDF2150ED6400D75F83 /* Song.swift in Sources */,
				A5B06A62215B8CED001C05EB /* TodaysPlaylistsNertworkService.swift in Sources */,
				A52FD81B2146A439006C7EA0 /* ClipCell.swift in Sources */,
				A57C7AFA21762B94008DA476 /* Reciever.swift in Sources */,
				A5CB1A832153CA330002D7CC /* SongsDataSource.swift in Sources */,
				A5CB1A872153CB530002D7CC /* TrackCell.swift in Sources */,
				A51313FA219EE7B20068DB76 /* ThemePlaylistsViewController.swift in Sources */,
				A56BDEDB2150ECBD00D75F83 /* SongNetworkService.swift in Sources */,
				A5131403219EF0040068DB76 /* ThemePlaylistCell.swift in Sources */,
				A56BDEED2151526800D75F83 /* NewReleasesDataSource.swift in Sources */,
				A5C98F50217482FE0091F5CE /* PlayerViewControllerDelegate.swift in Sources */,
				A5EC62D721539A6700721542 /* HeaderData.swift in Sources */,
				A5C7350B2147BF4000F58D1E /* UPCarouselFlowLayout.swift in Sources */,
			);
			runOnlyForDeploymentPostprocessing = 0;
		};
/* End PBXSourcesBuildPhase section */

/* Begin PBXVariantGroup section */
		A58747F2217F776400A7C2B2 /* SubscriptionInfoViewController.storyboard */ = {
			isa = PBXVariantGroup;
			children = (
				A58747F1217F776400A7C2B2 /* Base */,
			);
			name = SubscriptionInfoViewController.storyboard;
			sourceTree = "<group>";
		};
		A5F825B2216B7A9F007C0CC7 /* Localizable.strings */ = {
			isa = PBXVariantGroup;
			children = (
				A5F825B1216B7A9F007C0CC7 /* ru */,
				A5F825B3216B7AA1007C0CC7 /* en */,
			);
			name = Localizable.strings;
			sourceTree = "<group>";
		};
		D36191BB19E9647B00CC9026 /* Main.storyboard */ = {
			isa = PBXVariantGroup;
			children = (
				D36191BC19E9647B00CC9026 /* Base */,
				A5F825AC216B70E9007C0CC7 /* en */,
				A5F825AD216B70F4007C0CC7 /* ru */,
			);
			name = Main.storyboard;
			sourceTree = "<group>";
		};
/* End PBXVariantGroup section */

/* Begin XCBuildConfiguration section */
		D3D2E96719A36A0000DEF125 /* Debug */ = {
			isa = XCBuildConfiguration;
			buildSettings = {
				ALWAYS_SEARCH_USER_PATHS = NO;
				CLANG_ANALYZER_LOCALIZABILITY_NONLOCALIZED = YES;
				CLANG_CXX_LANGUAGE_STANDARD = "gnu++0x";
				CLANG_CXX_LIBRARY = "libc++";
				CLANG_ENABLE_MODULES = YES;
				CLANG_ENABLE_OBJC_ARC = YES;
				CLANG_WARN_BLOCK_CAPTURE_AUTORELEASING = YES;
				CLANG_WARN_BOOL_CONVERSION = YES;
				CLANG_WARN_COMMA = YES;
				CLANG_WARN_CONSTANT_CONVERSION = YES;
				CLANG_WARN_DEPRECATED_OBJC_IMPLEMENTATIONS = YES;
				CLANG_WARN_DIRECT_OBJC_ISA_USAGE = YES_ERROR;
				CLANG_WARN_EMPTY_BODY = YES;
				CLANG_WARN_ENUM_CONVERSION = YES;
				CLANG_WARN_INFINITE_RECURSION = YES;
				CLANG_WARN_INT_CONVERSION = YES;
				CLANG_WARN_NON_LITERAL_NULL_CONVERSION = YES;
				CLANG_WARN_OBJC_IMPLICIT_RETAIN_SELF = YES;
				CLANG_WARN_OBJC_LITERAL_CONVERSION = YES;
				CLANG_WARN_OBJC_ROOT_CLASS = YES_ERROR;
				CLANG_WARN_RANGE_LOOP_ANALYSIS = YES;
				CLANG_WARN_STRICT_PROTOTYPES = YES;
				CLANG_WARN_SUSPICIOUS_MOVE = YES;
				CLANG_WARN_UNREACHABLE_CODE = YES;
				CLANG_WARN__DUPLICATE_METHOD_MATCH = YES;
				"CODE_SIGN_IDENTITY[sdk=iphoneos*]" = "iPhone Developer";
				COPY_PHASE_STRIP = NO;
				ENABLE_STRICT_OBJC_MSGSEND = YES;
				ENABLE_TESTABILITY = YES;
				GCC_C_LANGUAGE_STANDARD = gnu99;
				GCC_DYNAMIC_NO_PIC = NO;
				GCC_NO_COMMON_BLOCKS = YES;
				GCC_OPTIMIZATION_LEVEL = 0;
				GCC_PREPROCESSOR_DEFINITIONS = (
					"DEBUG=1",
					"$(inherited)",
				);
				GCC_SYMBOLS_PRIVATE_EXTERN = NO;
				GCC_WARN_64_TO_32_BIT_CONVERSION = YES;
				GCC_WARN_ABOUT_RETURN_TYPE = YES_ERROR;
				GCC_WARN_UNDECLARED_SELECTOR = YES;
				GCC_WARN_UNINITIALIZED_AUTOS = YES_AGGRESSIVE;
				GCC_WARN_UNUSED_FUNCTION = YES;
				GCC_WARN_UNUSED_VARIABLE = YES;
				IPHONEOS_DEPLOYMENT_TARGET = 8.0;
				METAL_ENABLE_DEBUG_INFO = YES;
				ONLY_ACTIVE_ARCH = YES;
				SDKROOT = iphoneos;
				SWIFT_OPTIMIZATION_LEVEL = "-Onone";
			};
			name = Debug;
		};
		D3D2E96819A36A0000DEF125 /* Release */ = {
			isa = XCBuildConfiguration;
			buildSettings = {
				ALWAYS_SEARCH_USER_PATHS = NO;
				CLANG_ANALYZER_LOCALIZABILITY_NONLOCALIZED = YES;
				CLANG_CXX_LANGUAGE_STANDARD = "gnu++0x";
				CLANG_CXX_LIBRARY = "libc++";
				CLANG_ENABLE_MODULES = YES;
				CLANG_ENABLE_OBJC_ARC = YES;
				CLANG_WARN_BLOCK_CAPTURE_AUTORELEASING = YES;
				CLANG_WARN_BOOL_CONVERSION = YES;
				CLANG_WARN_COMMA = YES;
				CLANG_WARN_CONSTANT_CONVERSION = YES;
				CLANG_WARN_DEPRECATED_OBJC_IMPLEMENTATIONS = YES;
				CLANG_WARN_DIRECT_OBJC_ISA_USAGE = YES_ERROR;
				CLANG_WARN_EMPTY_BODY = YES;
				CLANG_WARN_ENUM_CONVERSION = YES;
				CLANG_WARN_INFINITE_RECURSION = YES;
				CLANG_WARN_INT_CONVERSION = YES;
				CLANG_WARN_NON_LITERAL_NULL_CONVERSION = YES;
				CLANG_WARN_OBJC_IMPLICIT_RETAIN_SELF = YES;
				CLANG_WARN_OBJC_LITERAL_CONVERSION = YES;
				CLANG_WARN_OBJC_ROOT_CLASS = YES_ERROR;
				CLANG_WARN_RANGE_LOOP_ANALYSIS = YES;
				CLANG_WARN_STRICT_PROTOTYPES = YES;
				CLANG_WARN_SUSPICIOUS_MOVE = YES;
				CLANG_WARN_UNREACHABLE_CODE = YES;
				CLANG_WARN__DUPLICATE_METHOD_MATCH = YES;
				"CODE_SIGN_IDENTITY[sdk=iphoneos*]" = "iPhone Developer";
				COPY_PHASE_STRIP = YES;
				ENABLE_NS_ASSERTIONS = NO;
				ENABLE_STRICT_OBJC_MSGSEND = YES;
				GCC_C_LANGUAGE_STANDARD = gnu99;
				GCC_NO_COMMON_BLOCKS = YES;
				GCC_WARN_64_TO_32_BIT_CONVERSION = YES;
				GCC_WARN_ABOUT_RETURN_TYPE = YES_ERROR;
				GCC_WARN_UNDECLARED_SELECTOR = YES;
				GCC_WARN_UNINITIALIZED_AUTOS = YES_AGGRESSIVE;
				GCC_WARN_UNUSED_FUNCTION = YES;
				GCC_WARN_UNUSED_VARIABLE = YES;
				IPHONEOS_DEPLOYMENT_TARGET = 8.0;
				METAL_ENABLE_DEBUG_INFO = NO;
				SDKROOT = iphoneos;
				SWIFT_COMPILATION_MODE = wholemodule;
				VALIDATE_PRODUCT = YES;
			};
			name = Release;
		};
		D3D2E96A19A36A0000DEF125 /* Debug */ = {
			isa = XCBuildConfiguration;
			baseConfigurationReference = D7421AB412DB569E3E839E68 /* Pods-Music Player.debug.xcconfig */;
			buildSettings = {
				ASSETCATALOG_COMPILER_APPICON_NAME = AppIcon;
				CLANG_ANALYZER_OBJC_NSCFERROR = YES;
				CODE_SIGN_ENTITLEMENTS = "Music Player/Music Player.entitlements";
				DEVELOPMENT_TEAM = FKAK3GFPT6;
				IBSC_ERRORS = YES;
				INFOPLIST_FILE = "Music Player/Info.plist";
				IPHONEOS_DEPLOYMENT_TARGET = 11.2;
				LD_RUNPATH_SEARCH_PATHS = "$(inherited) @executable_path/Frameworks";
				PRODUCT_BUNDLE_IDENTIFIER = com.sfbtech.musicplayer;
				PRODUCT_NAME = "$(TARGET_NAME)";
				SWIFT_VERSION = 4.0;
				TARGETED_DEVICE_FAMILY = 1;
			};
			name = Debug;
		};
		D3D2E96B19A36A0000DEF125 /* Release */ = {
			isa = XCBuildConfiguration;
			baseConfigurationReference = 1C77BA7F00F6CBD260E26B12 /* Pods-Music Player.release.xcconfig */;
			buildSettings = {
				ASSETCATALOG_COMPILER_APPICON_NAME = AppIcon;
				CLANG_ANALYZER_OBJC_NSCFERROR = YES;
				CODE_SIGN_ENTITLEMENTS = "Music Player/Music Player.entitlements";
				DEVELOPMENT_TEAM = FKAK3GFPT6;
				IBSC_ERRORS = YES;
				INFOPLIST_FILE = "Music Player/Info.plist";
				IPHONEOS_DEPLOYMENT_TARGET = 11.2;
				LD_RUNPATH_SEARCH_PATHS = "$(inherited) @executable_path/Frameworks";
				ONLY_ACTIVE_ARCH = NO;
				PRODUCT_BUNDLE_IDENTIFIER = com.sfbtech.musicplayer;
				PRODUCT_NAME = "$(TARGET_NAME)";
				SWIFT_VERSION = 4.0;
				TARGETED_DEVICE_FAMILY = 1;
			};
			name = Release;
		};
/* End XCBuildConfiguration section */

/* Begin XCConfigurationList section */
		D3D2E94819A36A0000DEF125 /* Build configuration list for PBXProject "Music Player" */ = {
			isa = XCConfigurationList;
			buildConfigurations = (
				D3D2E96719A36A0000DEF125 /* Debug */,
				D3D2E96819A36A0000DEF125 /* Release */,
			);
			defaultConfigurationIsVisible = 0;
			defaultConfigurationName = Release;
		};
		D3D2E96919A36A0000DEF125 /* Build configuration list for PBXNativeTarget "Music Player" */ = {
			isa = XCConfigurationList;
			buildConfigurations = (
				D3D2E96A19A36A0000DEF125 /* Debug */,
				D3D2E96B19A36A0000DEF125 /* Release */,
			);
			defaultConfigurationIsVisible = 0;
			defaultConfigurationName = Release;
		};
/* End XCConfigurationList section */
	};
	rootObject = D3D2E94519A36A0000DEF125 /* Project object */;
}
